// !$*UTF8*$!
{
	archiveVersion = 1;
	classes = {
	};
	objectVersion = 46;
	objects = {

/* Begin PBXBuildFile section */
		72954AE150318D378E7A480B /* Pods_Dron_e.framework in Frameworks */ = {isa = PBXBuildFile; fileRef = D83D46C44FB5B50B7396615B /* Pods_Dron_e.framework */; };
		D0F4E7441EC3584D00039DB4 /* BandConnectionController.swift in Sources */ = {isa = PBXBuildFile; fileRef = D0F4E7431EC3584D00039DB4 /* BandConnectionController.swift */; };
		D0F4E7461EC35CF000039DB4 /* MeViewController.swift in Sources */ = {isa = PBXBuildFile; fileRef = D0F4E7451EC35CF000039DB4 /* MeViewController.swift */; };
		D0F4E74A1EC36F0A00039DB4 /* HeartBeatController.swift in Sources */ = {isa = PBXBuildFile; fileRef = D0F4E7491EC36F0A00039DB4 /* HeartBeatController.swift */; };
		D0F4E74C1EC3745200039DB4 /* RunningViewController.swift in Sources */ = {isa = PBXBuildFile; fileRef = D0F4E74B1EC3745200039DB4 /* RunningViewController.swift */; };
		D0F4E74E1EC3755900039DB4 /* EnvironmentViewController.swift in Sources */ = {isa = PBXBuildFile; fileRef = D0F4E74D1EC3755900039DB4 /* EnvironmentViewController.swift */; };
		F23AECB31EBA39B20084794A /* DesignableTextField.swift in Sources */ = {isa = PBXBuildFile; fileRef = F23AECB21EBA39B20084794A /* DesignableTextField.swift */; };
		F23AECB71EBA62C50084794A /* GlobalVariables.swift in Sources */ = {isa = PBXBuildFile; fileRef = F23AECB61EBA62C50084794A /* GlobalVariables.swift */; };
		F23AECBF1EBA838F0084794A /* DronViewController.swift in Sources */ = {isa = PBXBuildFile; fileRef = F23AECBE1EBA838F0084794A /* DronViewController.swift */; };
		F23DB15A1E97F5AB00A3643B /* RegisterViewController.swift in Sources */ = {isa = PBXBuildFile; fileRef = F23DB1591E97F5AB00A3643B /* RegisterViewController.swift */; };
		F23DB15C1E97F94B00A3643B /* DescripcionViewController.swift in Sources */ = {isa = PBXBuildFile; fileRef = F23DB15B1E97F94B00A3643B /* DescripcionViewController.swift */; };
		F23DB15E1E983B1100A3643B /* DesignableView.swift in Sources */ = {isa = PBXBuildFile; fileRef = F23DB15D1E983B1100A3643B /* DesignableView.swift */; };
		F294A9881EBA3642000DC17C /* GoogleService-Info.plist in Resources */ = {isa = PBXBuildFile; fileRef = F294A9871EBA3642000DC17C /* GoogleService-Info.plist */; };
		F2BB9A3E1E972EA1007180F1 /* AppDelegate.swift in Sources */ = {isa = PBXBuildFile; fileRef = F2BB9A3D1E972EA1007180F1 /* AppDelegate.swift */; };
		F2BB9A401E972EA1007180F1 /* IntroViewController.swift in Sources */ = {isa = PBXBuildFile; fileRef = F2BB9A3F1E972EA1007180F1 /* IntroViewController.swift */; };
		F2BB9A431E972EA1007180F1 /* Main.storyboard in Resources */ = {isa = PBXBuildFile; fileRef = F2BB9A411E972EA1007180F1 /* Main.storyboard */; };
		F2BB9A451E972EA1007180F1 /* Assets.xcassets in Resources */ = {isa = PBXBuildFile; fileRef = F2BB9A441E972EA1007180F1 /* Assets.xcassets */; };
		F2BB9A481E972EA1007180F1 /* LaunchScreen.storyboard in Resources */ = {isa = PBXBuildFile; fileRef = F2BB9A461E972EA1007180F1 /* LaunchScreen.storyboard */; };
		F2BB9A511E973FE4007180F1 /* DesignableButton.swift in Sources */ = {isa = PBXBuildFile; fileRef = F2BB9A501E973FE4007180F1 /* DesignableButton.swift */; };
		F2BB9A541E974474007180F1 /* IntroDron-e.mp4 in Resources */ = {isa = PBXBuildFile; fileRef = F2BB9A531E974474007180F1 /* IntroDron-e.mp4 */; };
/* End PBXBuildFile section */

/* Begin PBXFileReference section */
		BEF57A3309389F6A616EC135 /* Pods-Dron e.debug.xcconfig */ = {isa = PBXFileReference; includeInIndex = 1; lastKnownFileType = text.xcconfig; name = "Pods-Dron e.debug.xcconfig"; path = "Pods/Target Support Files/Pods-Dron e/Pods-Dron e.debug.xcconfig"; sourceTree = "<group>"; };
		C79DFCEC1AE70A3E12D38BE3 /* Pods-Dron e.release.xcconfig */ = {isa = PBXFileReference; includeInIndex = 1; lastKnownFileType = text.xcconfig; name = "Pods-Dron e.release.xcconfig"; path = "Pods/Target Support Files/Pods-Dron e/Pods-Dron e.release.xcconfig"; sourceTree = "<group>"; };
		D0F4E7431EC3584D00039DB4 /* BandConnectionController.swift */ = {isa = PBXFileReference; fileEncoding = 4; lastKnownFileType = sourcecode.swift; path = BandConnectionController.swift; sourceTree = "<group>"; };
		D0F4E7451EC35CF000039DB4 /* MeViewController.swift */ = {isa = PBXFileReference; fileEncoding = 4; lastKnownFileType = sourcecode.swift; path = MeViewController.swift; sourceTree = "<group>"; };
		D0F4E7491EC36F0A00039DB4 /* HeartBeatController.swift */ = {isa = PBXFileReference; fileEncoding = 4; lastKnownFileType = sourcecode.swift; path = HeartBeatController.swift; sourceTree = "<group>"; };
		D0F4E74B1EC3745200039DB4 /* RunningViewController.swift */ = {isa = PBXFileReference; fileEncoding = 4; lastKnownFileType = sourcecode.swift; path = RunningViewController.swift; sourceTree = "<group>"; };
		D0F4E74D1EC3755900039DB4 /* EnvironmentViewController.swift */ = {isa = PBXFileReference; fileEncoding = 4; lastKnownFileType = sourcecode.swift; path = EnvironmentViewController.swift; sourceTree = "<group>"; };
		D83D46C44FB5B50B7396615B /* Pods_Dron_e.framework */ = {isa = PBXFileReference; explicitFileType = wrapper.framework; includeInIndex = 0; path = Pods_Dron_e.framework; sourceTree = BUILT_PRODUCTS_DIR; };
		F23AECB21EBA39B20084794A /* DesignableTextField.swift */ = {isa = PBXFileReference; fileEncoding = 4; lastKnownFileType = sourcecode.swift; name = DesignableTextField.swift; path = "../../../Proyecto/Alleé/Alleé/DesignableTextField.swift"; sourceTree = "<group>"; };
		F23AECB61EBA62C50084794A /* GlobalVariables.swift */ = {isa = PBXFileReference; fileEncoding = 4; lastKnownFileType = sourcecode.swift; name = GlobalVariables.swift; path = "../../../Proyecto/Alleé/Alleé/GlobalVariables.swift"; sourceTree = "<group>"; };
		F23AECBE1EBA838F0084794A /* DronViewController.swift */ = {isa = PBXFileReference; fileEncoding = 4; lastKnownFileType = sourcecode.swift; path = DronViewController.swift; sourceTree = "<group>"; };
		F23DB1591E97F5AB00A3643B /* RegisterViewController.swift */ = {isa = PBXFileReference; fileEncoding = 4; lastKnownFileType = sourcecode.swift; path = RegisterViewController.swift; sourceTree = "<group>"; };
		F23DB15B1E97F94B00A3643B /* DescripcionViewController.swift */ = {isa = PBXFileReference; fileEncoding = 4; lastKnownFileType = sourcecode.swift; path = DescripcionViewController.swift; sourceTree = "<group>"; };
		F23DB15D1E983B1100A3643B /* DesignableView.swift */ = {isa = PBXFileReference; fileEncoding = 4; lastKnownFileType = sourcecode.swift; path = DesignableView.swift; sourceTree = "<group>"; };
		F294A9871EBA3642000DC17C /* GoogleService-Info.plist */ = {isa = PBXFileReference; fileEncoding = 4; lastKnownFileType = text.plist.xml; name = "GoogleService-Info.plist"; path = "../../../Downloads/GoogleService-Info.plist"; sourceTree = "<group>"; };
		F2BB9A3A1E972EA1007180F1 /* Dron e.app */ = {isa = PBXFileReference; explicitFileType = wrapper.application; includeInIndex = 0; path = "Dron e.app"; sourceTree = BUILT_PRODUCTS_DIR; };
		F2BB9A3D1E972EA1007180F1 /* AppDelegate.swift */ = {isa = PBXFileReference; lastKnownFileType = sourcecode.swift; path = AppDelegate.swift; sourceTree = "<group>"; };
		F2BB9A3F1E972EA1007180F1 /* IntroViewController.swift */ = {isa = PBXFileReference; lastKnownFileType = sourcecode.swift; path = IntroViewController.swift; sourceTree = "<group>"; };
		F2BB9A421E972EA1007180F1 /* Base */ = {isa = PBXFileReference; lastKnownFileType = file.storyboard; name = Base; path = Base.lproj/Main.storyboard; sourceTree = "<group>"; };
		F2BB9A441E972EA1007180F1 /* Assets.xcassets */ = {isa = PBXFileReference; lastKnownFileType = folder.assetcatalog; path = Assets.xcassets; sourceTree = "<group>"; };
		F2BB9A471E972EA1007180F1 /* Base */ = {isa = PBXFileReference; lastKnownFileType = file.storyboard; name = Base; path = Base.lproj/LaunchScreen.storyboard; sourceTree = "<group>"; };
		F2BB9A491E972EA1007180F1 /* Info.plist */ = {isa = PBXFileReference; lastKnownFileType = text.plist.xml; path = Info.plist; sourceTree = "<group>"; };
		F2BB9A501E973FE4007180F1 /* DesignableButton.swift */ = {isa = PBXFileReference; fileEncoding = 4; lastKnownFileType = sourcecode.swift; path = DesignableButton.swift; sourceTree = "<group>"; };
		F2BB9A531E974474007180F1 /* IntroDron-e.mp4 */ = {isa = PBXFileReference; lastKnownFileType = file; path = "IntroDron-e.mp4"; sourceTree = "<group>"; };
/* End PBXFileReference section */

/* Begin PBXFrameworksBuildPhase section */
		F2BB9A371E972EA1007180F1 /* Frameworks */ = {
			isa = PBXFrameworksBuildPhase;
			buildActionMask = 2147483647;
			files = (
				72954AE150318D378E7A480B /* Pods_Dron_e.framework in Frameworks */,
			);
			runOnlyForDeploymentPostprocessing = 0;
		};
/* End PBXFrameworksBuildPhase section */

/* Begin PBXGroup section */
		42EC5DF6AC15705421C08341 /* Pods */ = {
			isa = PBXGroup;
			children = (
				BEF57A3309389F6A616EC135 /* Pods-Dron e.debug.xcconfig */,
				C79DFCEC1AE70A3E12D38BE3 /* Pods-Dron e.release.xcconfig */,
			);
			name = Pods;
			sourceTree = "<group>";
		};
		4E6CB236A571456383B76BFB /* Frameworks */ = {
			isa = PBXGroup;
			children = (
				D83D46C44FB5B50B7396615B /* Pods_Dron_e.framework */,
			);
			name = Frameworks;
			sourceTree = "<group>";
		};
		F23E8F291EBB73F500F88273 /* entities */ = {
			isa = PBXGroup;
			children = (
			);
			name = entities;
			sourceTree = "<group>";
		};
		F2BB9A311E972EA1007180F1 = {
			isa = PBXGroup;
			children = (
				F2BB9A3C1E972EA1007180F1 /* Dron e */,
				F2BB9A3B1E972EA1007180F1 /* Products */,
				42EC5DF6AC15705421C08341 /* Pods */,
				4E6CB236A571456383B76BFB /* Frameworks */,
			);
			sourceTree = "<group>";
		};
		F2BB9A3B1E972EA1007180F1 /* Products */ = {
			isa = PBXGroup;
			children = (
				F2BB9A3A1E972EA1007180F1 /* Dron e.app */,
			);
			name = Products;
			sourceTree = "<group>";
		};
		F2BB9A3C1E972EA1007180F1 /* Dron e */ = {
			isa = PBXGroup;
			children = (
				F23E8F291EBB73F500F88273 /* entities */,
				F2BB9A531E974474007180F1 /* IntroDron-e.mp4 */,
				F23AECB61EBA62C50084794A /* GlobalVariables.swift */,
				F2BB9A4F1E973F75007180F1 /* Designables */,
				F2BB9A3D1E972EA1007180F1 /* AppDelegate.swift */,
				F2BB9A3F1E972EA1007180F1 /* IntroViewController.swift */,
				F2BB9A411E972EA1007180F1 /* Main.storyboard */,
				F2BB9A441E972EA1007180F1 /* Assets.xcassets */,
				F2BB9A461E972EA1007180F1 /* LaunchScreen.storyboard */,
				F2BB9A491E972EA1007180F1 /* Info.plist */,
				F23DB1591E97F5AB00A3643B /* RegisterViewController.swift */,
				F23DB15B1E97F94B00A3643B /* DescripcionViewController.swift */,
				F294A9871EBA3642000DC17C /* GoogleService-Info.plist */,
				F23AECBE1EBA838F0084794A /* DronViewController.swift */,
				D0F4E7431EC3584D00039DB4 /* BandConnectionController.swift */,
				D0F4E7451EC35CF000039DB4 /* MeViewController.swift */,
				D0F4E7491EC36F0A00039DB4 /* HeartBeatController.swift */,
				D0F4E74B1EC3745200039DB4 /* RunningViewController.swift */,
				D0F4E74D1EC3755900039DB4 /* EnvironmentViewController.swift */,
			);
			path = "Dron e";
			sourceTree = "<group>";
		};
		F2BB9A4F1E973F75007180F1 /* Designables */ = {
			isa = PBXGroup;
			children = (
				F2BB9A501E973FE4007180F1 /* DesignableButton.swift */,
				F23AECB21EBA39B20084794A /* DesignableTextField.swift */,
				F23DB15D1E983B1100A3643B /* DesignableView.swift */,
			);
			name = Designables;
			sourceTree = "<group>";
		};
/* End PBXGroup section */

/* Begin PBXNativeTarget section */
		F2BB9A391E972EA1007180F1 /* Dron e */ = {
			isa = PBXNativeTarget;
			buildConfigurationList = F2BB9A4C1E972EA1007180F1 /* Build configuration list for PBXNativeTarget "Dron e" */;
			buildPhases = (
				97FD7758B177A48ED4AE96A2 /* [CP] Check Pods Manifest.lock */,
				F2BB9A361E972EA1007180F1 /* Sources */,
				F2BB9A371E972EA1007180F1 /* Frameworks */,
				F2BB9A381E972EA1007180F1 /* Resources */,
				2BD89B81E11BB190CA685D59 /* [CP] Embed Pods Frameworks */,
				405D94F1143B12B0EB4B8469 /* [CP] Copy Pods Resources */,
			);
			buildRules = (
			);
			dependencies = (
			);
			name = "Dron e";
			productName = "Dron e";
			productReference = F2BB9A3A1E972EA1007180F1 /* Dron e.app */;
			productType = "com.apple.product-type.application";
		};
/* End PBXNativeTarget section */

/* Begin PBXProject section */
		F2BB9A321E972EA1007180F1 /* Project object */ = {
			isa = PBXProject;
			attributes = {
				LastSwiftUpdateCheck = 0820;
				LastUpgradeCheck = 0820;
				ORGANIZATIONNAME = "Daniel Junco";
				TargetAttributes = {
					F2BB9A391E972EA1007180F1 = {
						CreatedOnToolsVersion = 8.2.1;
						DevelopmentTeam = 8ZAXN7VW46;
						ProvisioningStyle = Automatic;
					};
				};
			};
			buildConfigurationList = F2BB9A351E972EA1007180F1 /* Build configuration list for PBXProject "Dron e" */;
			compatibilityVersion = "Xcode 3.2";
			developmentRegion = English;
			hasScannedForEncodings = 0;
			knownRegions = (
				en,
				Base,
			);
			mainGroup = F2BB9A311E972EA1007180F1;
			productRefGroup = F2BB9A3B1E972EA1007180F1 /* Products */;
			projectDirPath = "";
			projectRoot = "";
			targets = (
				F2BB9A391E972EA1007180F1 /* Dron e */,
			);
		};
/* End PBXProject section */

/* Begin PBXResourcesBuildPhase section */
		F2BB9A381E972EA1007180F1 /* Resources */ = {
			isa = PBXResourcesBuildPhase;
			buildActionMask = 2147483647;
			files = (
				F2BB9A481E972EA1007180F1 /* LaunchScreen.storyboard in Resources */,
				F2BB9A451E972EA1007180F1 /* Assets.xcassets in Resources */,
				F294A9881EBA3642000DC17C /* GoogleService-Info.plist in Resources */,
				F2BB9A431E972EA1007180F1 /* Main.storyboard in Resources */,
				F2BB9A541E974474007180F1 /* IntroDron-e.mp4 in Resources */,
			);
			runOnlyForDeploymentPostprocessing = 0;
		};
/* End PBXResourcesBuildPhase section */

/* Begin PBXShellScriptBuildPhase section */
		2BD89B81E11BB190CA685D59 /* [CP] Embed Pods Frameworks */ = {
			isa = PBXShellScriptBuildPhase;
			buildActionMask = 2147483647;
			files = (
			);
			inputPaths = (
			);
			name = "[CP] Embed Pods Frameworks";
			outputPaths = (
			);
			runOnlyForDeploymentPostprocessing = 0;
			shellPath = /bin/sh;
			shellScript = "\"${SRCROOT}/Pods/Target Support Files/Pods-Dron e/Pods-Dron e-frameworks.sh\"\n";
			showEnvVarsInLog = 0;
		};
		405D94F1143B12B0EB4B8469 /* [CP] Copy Pods Resources */ = {
			isa = PBXShellScriptBuildPhase;
			buildActionMask = 2147483647;
			files = (
			);
			inputPaths = (
			);
			name = "[CP] Copy Pods Resources";
			outputPaths = (
			);
			runOnlyForDeploymentPostprocessing = 0;
			shellPath = /bin/sh;
			shellScript = "\"${SRCROOT}/Pods/Target Support Files/Pods-Dron e/Pods-Dron e-resources.sh\"\n";
			showEnvVarsInLog = 0;
		};
		97FD7758B177A48ED4AE96A2 /* [CP] Check Pods Manifest.lock */ = {
			isa = PBXShellScriptBuildPhase;
			buildActionMask = 2147483647;
			files = (
			);
			inputPaths = (
			);
			name = "[CP] Check Pods Manifest.lock";
			outputPaths = (
			);
			runOnlyForDeploymentPostprocessing = 0;
			shellPath = /bin/sh;
			shellScript = "diff \"${PODS_ROOT}/../Podfile.lock\" \"${PODS_ROOT}/Manifest.lock\" > /dev/null\nif [ $? != 0 ] ; then\n    # print error to STDERR\n    echo \"error: The sandbox is not in sync with the Podfile.lock. Run 'pod install' or update your CocoaPods installation.\" >&2\n    exit 1\nfi\n";
			showEnvVarsInLog = 0;
		};
/* End PBXShellScriptBuildPhase section */

/* Begin PBXSourcesBuildPhase section */
		F2BB9A361E972EA1007180F1 /* Sources */ = {
			isa = PBXSourcesBuildPhase;
			buildActionMask = 2147483647;
			files = (
				D0F4E74C1EC3745200039DB4 /* RunningViewController.swift in Sources */,
				D0F4E74A1EC36F0A00039DB4 /* HeartBeatController.swift in Sources */,
				F2BB9A401E972EA1007180F1 /* IntroViewController.swift in Sources */,
				D0F4E7461EC35CF000039DB4 /* MeViewController.swift in Sources */,
				F23AECBF1EBA838F0084794A /* DronViewController.swift in Sources */,
				F23DB15C1E97F94B00A3643B /* DescripcionViewController.swift in Sources */,
				F23AECB71EBA62C50084794A /* GlobalVariables.swift in Sources */,
				F23DB15E1E983B1100A3643B /* DesignableView.swift in Sources */,
				F23AECB31EBA39B20084794A /* DesignableTextField.swift in Sources */,
				D0F4E7441EC3584D00039DB4 /* BandConnectionController.swift in Sources */,
				F2BB9A3E1E972EA1007180F1 /* AppDelegate.swift in Sources */,
				D0F4E74E1EC3755900039DB4 /* EnvironmentViewController.swift in Sources */,
				F2BB9A511E973FE4007180F1 /* DesignableButton.swift in Sources */,
				F23DB15A1E97F5AB00A3643B /* RegisterViewController.swift in Sources */,
			);
			runOnlyForDeploymentPostprocessing = 0;
		};
/* End PBXSourcesBuildPhase section */

/* Begin PBXVariantGroup section */
		F2BB9A411E972EA1007180F1 /* Main.storyboard */ = {
			isa = PBXVariantGroup;
			children = (
				F2BB9A421E972EA1007180F1 /* Base */,
			);
			name = Main.storyboard;
			sourceTree = "<group>";
		};
		F2BB9A461E972EA1007180F1 /* LaunchScreen.storyboard */ = {
			isa = PBXVariantGroup;
			children = (
				F2BB9A471E972EA1007180F1 /* Base */,
			);
			name = LaunchScreen.storyboard;
			sourceTree = "<group>";
		};
/* End PBXVariantGroup section */

/* Begin XCBuildConfiguration section */
		F2BB9A4A1E972EA1007180F1 /* Debug */ = {
			isa = XCBuildConfiguration;
			buildSettings = {
				ALWAYS_SEARCH_USER_PATHS = NO;
				CLANG_ANALYZER_NONNULL = YES;
				CLANG_CXX_LANGUAGE_STANDARD = "gnu++0x";
				CLANG_CXX_LIBRARY = "libc++";
				CLANG_ENABLE_MODULES = YES;
				CLANG_ENABLE_OBJC_ARC = YES;
				CLANG_WARN_BOOL_CONVERSION = YES;
				CLANG_WARN_CONSTANT_CONVERSION = YES;
				CLANG_WARN_DIRECT_OBJC_ISA_USAGE = YES_ERROR;
				CLANG_WARN_DOCUMENTATION_COMMENTS = YES;
				CLANG_WARN_EMPTY_BODY = YES;
				CLANG_WARN_ENUM_CONVERSION = YES;
				CLANG_WARN_INFINITE_RECURSION = YES;
				CLANG_WARN_INT_CONVERSION = YES;
				CLANG_WARN_OBJC_ROOT_CLASS = YES_ERROR;
				CLANG_WARN_SUSPICIOUS_MOVE = YES;
				CLANG_WARN_UNREACHABLE_CODE = YES;
				CLANG_WARN__DUPLICATE_METHOD_MATCH = YES;
				"CODE_SIGN_IDENTITY[sdk=iphoneos*]" = "iPhone Developer";
				COPY_PHASE_STRIP = NO;
				DEBUG_INFORMATION_FORMAT = dwarf;
				ENABLE_STRICT_OBJC_MSGSEND = YES;
				ENABLE_TESTABILITY = YES;
				GCC_C_LANGUAGE_STANDARD = gnu99;
				GCC_DYNAMIC_NO_PIC = NO;
				GCC_NO_COMMON_BLOCKS = YES;
				GCC_OPTIMIZATION_LEVEL = 0;
				GCC_PREPROCESSOR_DEFINITIONS = (
					"DEBUG=1",
					"$(inherited)",
				);
				GCC_WARN_64_TO_32_BIT_CONVERSION = YES;
				GCC_WARN_ABOUT_RETURN_TYPE = YES_ERROR;
				GCC_WARN_UNDECLARED_SELECTOR = YES;
				GCC_WARN_UNINITIALIZED_AUTOS = YES_AGGRESSIVE;
				GCC_WARN_UNUSED_FUNCTION = YES;
				GCC_WARN_UNUSED_VARIABLE = YES;
				IPHONEOS_DEPLOYMENT_TARGET = 10.2;
				MTL_ENABLE_DEBUG_INFO = YES;
				ONLY_ACTIVE_ARCH = YES;
				SDKROOT = iphoneos;
				SWIFT_ACTIVE_COMPILATION_CONDITIONS = DEBUG;
				SWIFT_OPTIMIZATION_LEVEL = "-Onone";
				TARGETED_DEVICE_FAMILY = "1,2";
			};
			name = Debug;
		};
		F2BB9A4B1E972EA1007180F1 /* Release */ = {
			isa = XCBuildConfiguration;
			buildSettings = {
				ALWAYS_SEARCH_USER_PATHS = NO;
				CLANG_ANALYZER_NONNULL = YES;
				CLANG_CXX_LANGUAGE_STANDARD = "gnu++0x";
				CLANG_CXX_LIBRARY = "libc++";
				CLANG_ENABLE_MODULES = YES;
				CLANG_ENABLE_OBJC_ARC = YES;
				CLANG_WARN_BOOL_CONVERSION = YES;
				CLANG_WARN_CONSTANT_CONVERSION = YES;
				CLANG_WARN_DIRECT_OBJC_ISA_USAGE = YES_ERROR;
				CLANG_WARN_DOCUMENTATION_COMMENTS = YES;
				CLANG_WARN_EMPTY_BODY = YES;
				CLANG_WARN_ENUM_CONVERSION = YES;
				CLANG_WARN_INFINITE_RECURSION = YES;
				CLANG_WARN_INT_CONVERSION = YES;
				CLANG_WARN_OBJC_ROOT_CLASS = YES_ERROR;
				CLANG_WARN_SUSPICIOUS_MOVE = YES;
				CLANG_WARN_UNREACHABLE_CODE = YES;
				CLANG_WARN__DUPLICATE_METHOD_MATCH = YES;
				"CODE_SIGN_IDENTITY[sdk=iphoneos*]" = "iPhone Developer";
				COPY_PHASE_STRIP = NO;
				DEBUG_INFORMATION_FORMAT = "dwarf-with-dsym";
				ENABLE_NS_ASSERTIONS = NO;
				ENABLE_STRICT_OBJC_MSGSEND = YES;
				GCC_C_LANGUAGE_STANDARD = gnu99;
				GCC_NO_COMMON_BLOCKS = YES;
				GCC_WARN_64_TO_32_BIT_CONVERSION = YES;
				GCC_WARN_ABOUT_RETURN_TYPE = YES_ERROR;
				GCC_WARN_UNDECLARED_SELECTOR = YES;
				GCC_WARN_UNINITIALIZED_AUTOS = YES_AGGRESSIVE;
				GCC_WARN_UNUSED_FUNCTION = YES;
				GCC_WARN_UNUSED_VARIABLE = YES;
				IPHONEOS_DEPLOYMENT_TARGET = 10.2;
				MTL_ENABLE_DEBUG_INFO = NO;
				SDKROOT = iphoneos;
				SWIFT_OPTIMIZATION_LEVEL = "-Owholemodule";
				TARGETED_DEVICE_FAMILY = "1,2";
				VALIDATE_PRODUCT = YES;
			};
			name = Release;
		};
		F2BB9A4D1E972EA1007180F1 /* Debug */ = {
			isa = XCBuildConfiguration;
			baseConfigurationReference = BEF57A3309389F6A616EC135 /* Pods-Dron e.debug.xcconfig */;
			buildSettings = {
				ASSETCATALOG_COMPILER_APPICON_NAME = AppIcon;
				DEVELOPMENT_TEAM = 8ZAXN7VW46;
				INFOPLIST_FILE = "Dron e/Info.plist";
				LD_RUNPATH_SEARCH_PATHS = "$(inherited) @executable_path/Frameworks";
				PRODUCT_BUNDLE_IDENTIFIER = "com.coderevirator.Dron-e";
				PRODUCT_NAME = "$(TARGET_NAME)";
				SWIFT_VERSION = 3.0;
			};
			name = Debug;
		};
		F2BB9A4E1E972EA1007180F1 /* Release */ = {
			isa = XCBuildConfiguration;
			baseConfigurationReference = C79DFCEC1AE70A3E12D38BE3 /* Pods-Dron e.release.xcconfig */;
			buildSettings = {
				ASSETCATALOG_COMPILER_APPICON_NAME = AppIcon;
				DEVELOPMENT_TEAM = 8ZAXN7VW46;
				INFOPLIST_FILE = "Dron e/Info.plist";
				LD_RUNPATH_SEARCH_PATHS = "$(inherited) @executable_path/Frameworks";
				PRODUCT_BUNDLE_IDENTIFIER = "com.coderevirator.Dron-e";
				PRODUCT_NAME = "$(TARGET_NAME)";
				SWIFT_VERSION = 3.0;
			};
			name = Release;
		};
/* End XCBuildConfiguration section */

/* Begin XCConfigurationList section */
		F2BB9A351E972EA1007180F1 /* Build configuration list for PBXProject "Dron e" */ = {
			isa = XCConfigurationList;
			buildConfigurations = (
				F2BB9A4A1E972EA1007180F1 /* Debug */,
				F2BB9A4B1E972EA1007180F1 /* Release */,
			);
			defaultConfigurationIsVisible = 0;
			defaultConfigurationName = Release;
		};
		F2BB9A4C1E972EA1007180F1 /* Build configuration list for PBXNativeTarget "Dron e" */ = {
			isa = XCConfigurationList;
			buildConfigurations = (
				F2BB9A4D1E972EA1007180F1 /* Debug */,
				F2BB9A4E1E972EA1007180F1 /* Release */,
			);
			defaultConfigurationIsVisible = 0;
			defaultConfigurationName = Release;
		};
/* End XCConfigurationList section */
	};
	rootObject = F2BB9A321E972EA1007180F1 /* Project object */;
}
